// !$*UTF8*$!
{
	archiveVersion = 1;
	classes = {
	};
	objectVersion = 56;
	objects = {

/* Begin PBXBuildFile section */
		UX100001 /* ProjectsSidebarView.swift in Sources */ = {isa = PBXBuildFile; fileRef = UX100011 /* ProjectsSidebarView.swift */; };
		UX100002 /* AddProjectSheet.swift in Sources */ = {isa = PBXBuildFile; fileRef = UX100012 /* AddProjectSheet.swift */; };
		F5D00001 /* DebugPanelView.swift in Sources */ = {isa = PBXBuildFile; fileRef = F5D00011 /* DebugPanelView.swift */; };
		F5D00002 /* LogTailReader.swift in Sources */ = {isa = PBXBuildFile; fileRef = F5D00012 /* LogTailReader.swift */; };
		2AEE0BB22F2F0BAA009B67A9 /* CenterContentView.swift in Sources */ = {isa = PBXBuildFile; fileRef = 2AEE0BA92F2F0BAA009B67A9 /* CenterContentView.swift */; };
		2AEE0BB32F2F0BAA009B67A9 /* TopToolbarView.swift in Sources */ = {isa = PBXBuildFile; fileRef = 2AEE0BAD2F2F0BAA009B67A9 /* TopToolbarView.swift */; };
		2AEE0BB42F2F0BAA009B67A9 /* LeftSidebarView.swift in Sources */ = {isa = PBXBuildFile; fileRef = 2AEE0BAA2F2F0BAA009B67A9 /* LeftSidebarView.swift */; };
		2AEE0BB52F2F0BAA009B67A9 /* WebViewContainer.swift in Sources */ = {isa = PBXBuildFile; fileRef = 2AEE0BB02F2F0BAA009B67A9 /* WebViewContainer.swift */; };
		2AEE0BB62F2F0BAA009B67A9 /* Models.swift in Sources */ = {isa = PBXBuildFile; fileRef = 2AEE0BAB2F2F0BAA009B67A9 /* Models.swift */; };
		2AEE0BB72F2F0BAA009B67A9 /* WebBridge.swift in Sources */ = {isa = PBXBuildFile; fileRef = 2AEE0BAF2F2F0BAA009B67A9 /* WebBridge.swift */; };
		2AEE0BB82F2F0BAA009B67A9 /* RightToolPanelView.swift in Sources */ = {isa = PBXBuildFile; fileRef = 2AEE0BAC2F2F0BAA009B67A9 /* RightToolPanelView.swift */; };
		B3A00001 /* CommandPaletteView.swift in Sources */ = {isa = PBXBuildFile; fileRef = B3A00011 /* CommandPaletteView.swift */; };
		B3A00002 /* KeybindingHandler.swift in Sources */ = {isa = PBXBuildFile; fileRef = B3A00012 /* KeybindingHandler.swift */; };
		B3A00003 /* TabStripView.swift in Sources */ = {isa = PBXBuildFile; fileRef = B3A00013 /* TabStripView.swift */; };
		B3A00004 /* TabContentHostView.swift in Sources */ = {isa = PBXBuildFile; fileRef = B3A00014 /* TabContentHostView.swift */; };
		B3A00007 /* NativeDiffView.swift in Sources */ = {isa = PBXBuildFile; fileRef = B3A00017 /* NativeDiffView.swift */; };
		B3A00008 /* NativeGitPanelView.swift in Sources */ = {isa = PBXBuildFile; fileRef = B3A00018 /* NativeGitPanelView.swift */; };
		B3A00009 /* BranchPickerView.swift in Sources */ = {isa = PBXBuildFile; fileRef = B3A00019 /* BranchPickerView.swift */; };
		B3A00005 /* WSClient.swift in Sources */ = {isa = PBXBuildFile; fileRef = B3A00015 /* WSClient.swift */; };
		B3A00006 /* ProtocolModels.swift in Sources */ = {isa = PBXBuildFile; fileRef = B3A00016 /* ProtocolModels.swift */; };
		A1000001 /* TidyFlowApp.swift in Sources */ = {isa = PBXBuildFile; fileRef = A1000011 /* TidyFlowApp.swift */; };
		A1000002 /* ContentView.swift in Sources */ = {isa = PBXBuildFile; fileRef = A1000012 /* ContentView.swift */; };
		A1000003 /* Web in Resources */ = {isa = PBXBuildFile; fileRef = A1000013 /* Web */; };
		D3900001 /* AppConfig.swift in Sources */ = {isa = PBXBuildFile; fileRef = D3900011 /* AppConfig.swift */; };
		D3900002 /* CoreProcessManager.swift in Sources */ = {isa = PBXBuildFile; fileRef = D3900012 /* CoreProcessManager.swift */; };
		D3900003 /* PortAllocator.swift in Sources */ = {isa = PBXBuildFile; fileRef = D3900013 /* PortAllocator.swift */; };
		E4200001 /* LogWriter.swift in Sources */ = {isa = PBXBuildFile; fileRef = E4200011 /* LogWriter.swift */; };
		A1000004 /* Assets.xcassets in Resources */ = {isa = PBXBuildFile; fileRef = A1000016 /* Assets.xcassets */; };
/* End PBXBuildFile section */

/* Begin PBXFileReference section */
		UX100011 /* ProjectsSidebarView.swift */ = {isa = PBXFileReference; lastKnownFileType = sourcecode.swift; path = ProjectsSidebarView.swift; sourceTree = "<group>"; };
		UX100012 /* AddProjectSheet.swift */ = {isa = PBXFileReference; lastKnownFileType = sourcecode.swift; path = AddProjectSheet.swift; sourceTree = "<group>"; };
		F5D00011 /* DebugPanelView.swift */ = {isa = PBXFileReference; lastKnownFileType = sourcecode.swift; path = DebugPanelView.swift; sourceTree = "<group>"; };
		F5D00012 /* LogTailReader.swift */ = {isa = PBXFileReference; lastKnownFileType = sourcecode.swift; path = LogTailReader.swift; sourceTree = "<group>"; };
		2AEE0BA92F2F0BAA009B67A9 /* CenterContentView.swift */ = {isa = PBXFileReference; lastKnownFileType = sourcecode.swift; path = CenterContentView.swift; sourceTree = "<group>"; };
		2AEE0BAA2F2F0BAA009B67A9 /* LeftSidebarView.swift */ = {isa = PBXFileReference; lastKnownFileType = sourcecode.swift; path = LeftSidebarView.swift; sourceTree = "<group>"; };
		2AEE0BAB2F2F0BAA009B67A9 /* Models.swift */ = {isa = PBXFileReference; lastKnownFileType = sourcecode.swift; path = Models.swift; sourceTree = "<group>"; };
		2AEE0BAC2F2F0BAA009B67A9 /* RightToolPanelView.swift */ = {isa = PBXFileReference; lastKnownFileType = sourcecode.swift; path = RightToolPanelView.swift; sourceTree = "<group>"; };
		2AEE0BAD2F2F0BAA009B67A9 /* TopToolbarView.swift */ = {isa = PBXFileReference; lastKnownFileType = sourcecode.swift; path = TopToolbarView.swift; sourceTree = "<group>"; };
		2AEE0BAF2F2F0BAA009B67A9 /* WebBridge.swift */ = {isa = PBXFileReference; lastKnownFileType = sourcecode.swift; path = WebBridge.swift; sourceTree = "<group>"; };
		2AEE0BB02F2F0BAA009B67A9 /* WebViewContainer.swift */ = {isa = PBXFileReference; lastKnownFileType = sourcecode.swift; path = WebViewContainer.swift; sourceTree = "<group>"; };
		B3A00011 /* CommandPaletteView.swift */ = {isa = PBXFileReference; lastKnownFileType = sourcecode.swift; path = CommandPaletteView.swift; sourceTree = "<group>"; };
		B3A00012 /* KeybindingHandler.swift */ = {isa = PBXFileReference; lastKnownFileType = sourcecode.swift; path = KeybindingHandler.swift; sourceTree = "<group>"; };
		B3A00013 /* TabStripView.swift */ = {isa = PBXFileReference; lastKnownFileType = sourcecode.swift; path = TabStripView.swift; sourceTree = "<group>"; };
		B3A00014 /* TabContentHostView.swift */ = {isa = PBXFileReference; lastKnownFileType = sourcecode.swift; path = TabContentHostView.swift; sourceTree = "<group>"; };
		B3A00017 /* NativeDiffView.swift */ = {isa = PBXFileReference; lastKnownFileType = sourcecode.swift; path = NativeDiffView.swift; sourceTree = "<group>"; };
		B3A00018 /* NativeGitPanelView.swift */ = {isa = PBXFileReference; lastKnownFileType = sourcecode.swift; path = NativeGitPanelView.swift; sourceTree = "<group>"; };
		B3A00019 /* BranchPickerView.swift */ = {isa = PBXFileReference; lastKnownFileType = sourcecode.swift; path = BranchPickerView.swift; sourceTree = "<group>"; };
		B3A00015 /* WSClient.swift */ = {isa = PBXFileReference; lastKnownFileType = sourcecode.swift; path = WSClient.swift; sourceTree = "<group>"; };
		B3A00016 /* ProtocolModels.swift */ = {isa = PBXFileReference; lastKnownFileType = sourcecode.swift; path = ProtocolModels.swift; sourceTree = "<group>"; };
		A1000010 /* TidyFlow.app */ = {isa = PBXFileReference; explicitFileType = wrapper.application; includeInIndex = 0; path = TidyFlow.app; sourceTree = BUILT_PRODUCTS_DIR; };
		A1000011 /* TidyFlowApp.swift */ = {isa = PBXFileReference; lastKnownFileType = sourcecode.swift; path = TidyFlowApp.swift; sourceTree = "<group>"; };
		A1000012 /* ContentView.swift */ = {isa = PBXFileReference; lastKnownFileType = sourcecode.swift; path = ContentView.swift; sourceTree = "<group>"; };
		A1000013 /* Web */ = {isa = PBXFileReference; lastKnownFileType = folder; path = Web; sourceTree = "<group>"; };
		A1000014 /* Info.plist */ = {isa = PBXFileReference; lastKnownFileType = text.plist.xml; path = Info.plist; sourceTree = "<group>"; };
		A1000015 /* TidyFlow.entitlements */ = {isa = PBXFileReference; lastKnownFileType = text.plist.entitlements; path = TidyFlow.entitlements; sourceTree = "<group>"; };
		D3900011 /* AppConfig.swift */ = {isa = PBXFileReference; lastKnownFileType = sourcecode.swift; path = AppConfig.swift; sourceTree = "<group>"; };
		D3900012 /* CoreProcessManager.swift */ = {isa = PBXFileReference; lastKnownFileType = sourcecode.swift; path = CoreProcessManager.swift; sourceTree = "<group>"; };
		D3900013 /* PortAllocator.swift */ = {isa = PBXFileReference; lastKnownFileType = sourcecode.swift; path = PortAllocator.swift; sourceTree = "<group>"; };
		E4200011 /* LogWriter.swift */ = {isa = PBXFileReference; lastKnownFileType = sourcecode.swift; path = LogWriter.swift; sourceTree = "<group>"; };
		A1000016 /* Assets.xcassets */ = {isa = PBXFileReference; lastKnownFileType = folder.assetcatalog; path = Assets.xcassets; sourceTree = "<group>"; };
/* End PBXFileReference section */

/* Begin PBXFrameworksBuildPhase section */
		A100000D /* Frameworks */ = {
			isa = PBXFrameworksBuildPhase;
			buildActionMask = 2147483647;
			files = (
			);
			runOnlyForDeploymentPostprocessing = 0;
		};
/* End PBXFrameworksBuildPhase section */

/* Begin PBXGroup section */
		2AEE0BAE2F2F0BAA009B67A9 /* Views */ = {
			isa = PBXGroup;
			children = (
				UX100012 /* AddProjectSheet.swift */,
				B3A00019 /* BranchPickerView.swift */,
				2AEE0BA92F2F0BAA009B67A9 /* CenterContentView.swift */,
				B3A00011 /* CommandPaletteView.swift */,
				B3A00012 /* KeybindingHandler.swift */,
				2AEE0BAA2F2F0BAA009B67A9 /* LeftSidebarView.swift */,
				2AEE0BAB2F2F0BAA009B67A9 /* Models.swift */,
				B3A00017 /* NativeDiffView.swift */,
				B3A00018 /* NativeGitPanelView.swift */,
				UX100011 /* ProjectsSidebarView.swift */,
				2AEE0BAC2F2F0BAA009B67A9 /* RightToolPanelView.swift */,
				B3A00014 /* TabContentHostView.swift */,
				B3A00013 /* TabStripView.swift */,
				2AEE0BAD2F2F0BAA009B67A9 /* TopToolbarView.swift */,
			);
			path = Views;
			sourceTree = "<group>";
		};
		2AEE0BB12F2F0BAA009B67A9 /* WebView */ = {
			isa = PBXGroup;
			children = (
				2AEE0BAF2F2F0BAA009B67A9 /* WebBridge.swift */,
				2AEE0BB02F2F0BAA009B67A9 /* WebViewContainer.swift */,
			);
			path = WebView;
			sourceTree = "<group>";
		};
		B3A00020 /* Networking */ = {
			isa = PBXGroup;
			children = (
				B3A00015 /* WSClient.swift */,
				B3A00016 /* ProtocolModels.swift */,
			);
			path = Networking;
			sourceTree = "<group>";
		};
		D3900020 /* Process */ = {
			isa = PBXGroup;
			children = (
				D3900012 /* CoreProcessManager.swift */,
				D3900013 /* PortAllocator.swift */,
			);
			path = Process;
			sourceTree = "<group>";
		};
		E4200020 /* Logging */ = {
			isa = PBXGroup;
			children = (
				E4200011 /* LogWriter.swift */,
			);
			path = Logging;
			sourceTree = "<group>";
		};
		F5D00020 /* Debug */ = {
			isa = PBXGroup;
			children = (
				F5D00011 /* DebugPanelView.swift */,
				F5D00012 /* LogTailReader.swift */,
			);
			path = Debug;
			sourceTree = "<group>";
		};
		A1000007 = {
			isa = PBXGroup;
			children = (
				A1000020 /* TidyFlow */,
				A100000F /* Products */,
			);
			sourceTree = "<group>";
		};
		A100000F /* Products */ = {
			isa = PBXGroup;
			children = (
				A1000010 /* TidyFlow.app */,
			);
			name = Products;
			sourceTree = "<group>";
		};
		A1000020 /* TidyFlow */ = {
			isa = PBXGroup;
			children = (
				A1000016 /* Assets.xcassets */,
				F5D00020 /* Debug */,
				E4200020 /* Logging */,
				B3A00020 /* Networking */,
				D3900020 /* Process */,
				2AEE0BAE2F2F0BAA009B67A9 /* Views */,
				2AEE0BB12F2F0BAA009B67A9 /* WebView */,
				D3900011 /* AppConfig.swift */,
				A1000011 /* TidyFlowApp.swift */,
				A1000012 /* ContentView.swift */,
				A1000013 /* Web */,
				A1000014 /* Info.plist */,
				A1000015 /* TidyFlow.entitlements */,
			);
			path = TidyFlow;
			sourceTree = "<group>";
		};
/* End PBXGroup section */

/* Begin PBXNativeTarget section */
		A100000A /* TidyFlow */ = {
			isa = PBXNativeTarget;
			buildConfigurationList = A1000019 /* Build configuration list for PBXNativeTarget "TidyFlow" */;
			buildPhases = (
				D3900030 /* Build Core (Run Script) */,
				A100000B /* Sources */,
				A100000D /* Frameworks */,
				A100000E /* Resources */,
				D3900031 /* Copy Core Binary */,
			);
			buildRules = (
			);
			dependencies = (
			);
			name = TidyFlow;
			productName = TidyFlow;
			productReference = A1000010 /* TidyFlow.app */;
			productType = "com.apple.product-type.application";
		};
/* End PBXNativeTarget section */

/* Begin PBXProject section */
		A1000008 /* Project object */ = {
			isa = PBXProject;
			attributes = {
				BuildIndependentTargetsInParallel = 1;
				LastSwiftUpdateCheck = 1500;
				LastUpgradeCheck = 1500;
				TargetAttributes = {
					A100000A = {
						CreatedOnToolsVersion = 15.0;
					};
				};
			};
			buildConfigurationList = A1000009 /* Build configuration list for PBXProject "TidyFlow" */;
			compatibilityVersion = "Xcode 14.0";
			developmentRegion = en;
			hasScannedForEncodings = 0;
			knownRegions = (
				en,
				Base,
			);
			mainGroup = A1000007;
			productRefGroup = A100000F /* Products */;
			projectDirPath = "";
			projectRoot = "";
			targets = (
				A100000A /* TidyFlow */,
			);
		};
/* End PBXProject section */

/* Begin PBXResourcesBuildPhase section */
		A100000E /* Resources */ = {
			isa = PBXResourcesBuildPhase;
			buildActionMask = 2147483647;
			files = (
				A1000003 /* Web in Resources */,
				A1000004 /* Assets.xcassets in Resources */,
			);
			runOnlyForDeploymentPostprocessing = 0;
		};
/* End PBXResourcesBuildPhase section */

/* Begin PBXSourcesBuildPhase section */
		A100000B /* Sources */ = {
			isa = PBXSourcesBuildPhase;
			buildActionMask = 2147483647;
			files = (
				UX100001 /* ProjectsSidebarView.swift in Sources */,
				UX100002 /* AddProjectSheet.swift in Sources */,
				A1000001 /* TidyFlowApp.swift in Sources */,
				A1000002 /* ContentView.swift in Sources */,
				F5D00001 /* DebugPanelView.swift in Sources */,
				F5D00002 /* LogTailReader.swift in Sources */,
				2AEE0BB22F2F0BAA009B67A9 /* CenterContentView.swift in Sources */,
				2AEE0BB32F2F0BAA009B67A9 /* TopToolbarView.swift in Sources */,
				2AEE0BB42F2F0BAA009B67A9 /* LeftSidebarView.swift in Sources */,
				2AEE0BB52F2F0BAA009B67A9 /* WebViewContainer.swift in Sources */,
				2AEE0BB62F2F0BAA009B67A9 /* Models.swift in Sources */,
				2AEE0BB72F2F0BAA009B67A9 /* WebBridge.swift in Sources */,
				2AEE0BB82F2F0BAA009B67A9 /* RightToolPanelView.swift in Sources */,
				B3A00001 /* CommandPaletteView.swift in Sources */,
				B3A00002 /* KeybindingHandler.swift in Sources */,
				B3A00003 /* TabStripView.swift in Sources */,
				B3A00004 /* TabContentHostView.swift in Sources */,
				B3A00007 /* NativeDiffView.swift in Sources */,
				B3A00008 /* NativeGitPanelView.swift in Sources */,
				B3A00009 /* BranchPickerView.swift in Sources */,
				B3A00005 /* WSClient.swift in Sources */,
				B3A00006 /* ProtocolModels.swift in Sources */,
				D3900001 /* AppConfig.swift in Sources */,
				D3900002 /* CoreProcessManager.swift in Sources */,
				D3900003 /* PortAllocator.swift in Sources */,
				E4200001 /* LogWriter.swift in Sources */,
			);
			runOnlyForDeploymentPostprocessing = 0;
		};
/* End PBXSourcesBuildPhase section */

/* Begin PBXShellScriptBuildPhase section */
		D3900030 /* Build Core (Run Script) */ = {
			isa = PBXShellScriptBuildPhase;
			buildActionMask = 2147483647;
			files = (
			);
			inputFileListPaths = (
			);
			inputPaths = (
				"$(SRCROOT)/../core/Cargo.toml",
				"$(SRCROOT)/../core/Cargo.lock",
				"$(SRCROOT)/../core/src",
			);
			name = "Build Core (Run Script)";
			outputFileListPaths = (
			);
			outputPaths = (
				"$(SRCROOT)/../core/target/release/tidyflow-core",
			);
			runOnlyForDeploymentPostprocessing = 0;
			shellPath = /bin/bash;
			shellScript = "# Build tidyflow-core in release mode\n# Add cargo to PATH (Xcode doesn't load shell profile)\nexport PATH=\"$HOME/.cargo/bin:$PATH\"\n\n# Skip if SKIP_CORE_BUILD=1 (for faster dev iterations)\nif [ \"$SKIP_CORE_BUILD\" = \"1\" ]; then\n    echo \"Skipping core build (SKIP_CORE_BUILD=1)\"\n    exit 0\nfi\n\nCORE_DIR=\"$SRCROOT/../core\"\nif [ -d \"$CORE_DIR\" ]; then\n    echo \"Building tidyflow-core...\"\n    cd \"$CORE_DIR\"\n    if cargo build --release; then\n        echo \"Core build succeeded\"\n    else\n        echo \"warning: Core build failed, app may not work correctly\"\n    fi\n    \n    # Copy binary to Resources/Core\n    CORE_BINARY=\"$CORE_DIR/target/release/tidyflow-core\"\n    DEST_DIR=\"$BUILT_PRODUCTS_DIR/$CONTENTS_FOLDER_PATH/Resources/Core\"\n    if [ -f \"$CORE_BINARY\" ]; then\n        mkdir -p \"$DEST_DIR\"\n        cp \"$CORE_BINARY\" \"$DEST_DIR/\"\n        echo \"Copied tidyflow-core to $DEST_DIR\"\n    else\n        echo \"warning: Core binary not found at $CORE_BINARY\"\n    fi\nelse\n    echo \"warning: Core directory not found at $CORE_DIR\"\nfi\n";
		};
/* End PBXShellScriptBuildPhase section */

/* Begin PBXCopyFilesBuildPhase section */
		D3900031 /* Copy Core Binary */ = {
			isa = PBXCopyFilesBuildPhase;
			buildActionMask = 2147483647;
			dstPath = Core;
			dstSubfolderSpec = 7;
			files = (
			);
			name = "Copy Core Binary";
			runOnlyForDeploymentPostprocessing = 0;
		};
/* End PBXCopyFilesBuildPhase section */

/* Begin XCBuildConfiguration section */
		A1000017 /* Debug */ = {
			isa = XCBuildConfiguration;
			buildSettings = {
				ALWAYS_SEARCH_USER_PATHS = NO;
				ASSETCATALOG_COMPILER_GENERATE_SWIFT_ASSET_SYMBOL_EXTENSIONS = YES;
				CLANG_ANALYZER_NONNULL = YES;
				CLANG_ANALYZER_NUMBER_OBJECT_CONVERSION = YES_AGGRESSIVE;
				CLANG_CXX_LANGUAGE_STANDARD = "gnu++20";
				CLANG_ENABLE_MODULES = YES;
				CLANG_ENABLE_OBJC_ARC = YES;
				CLANG_ENABLE_OBJC_WEAK = YES;
				CLANG_WARN_BLOCK_CAPTURE_AUTORELEASING = YES;
				CLANG_WARN_BOOL_CONVERSION = YES;
				CLANG_WARN_COMMA = YES;
				CLANG_WARN_CONSTANT_CONVERSION = YES;
				CLANG_WARN_DEPRECATED_OBJC_IMPLEMENTATIONS = YES;
				CLANG_WARN_DIRECT_OBJC_ISA_USAGE = YES_ERROR;
				CLANG_WARN_DOCUMENTATION_COMMENTS = YES;
				CLANG_WARN_EMPTY_BODY = YES;
				CLANG_WARN_ENUM_CONVERSION = YES;
				CLANG_WARN_INFINITE_RECURSION = YES;
				CLANG_WARN_INT_CONVERSION = YES;
				CLANG_WARN_NON_LITERAL_NULL_CONVERSION = YES;
				CLANG_WARN_OBJC_IMPLICIT_RETAIN_SELF = YES;
				CLANG_WARN_OBJC_LITERAL_CONVERSION = YES;
				CLANG_WARN_OBJC_ROOT_CLASS = YES_ERROR;
				CLANG_WARN_QUOTED_INCLUDE_IN_FRAMEWORK_HEADER = YES;
				CLANG_WARN_RANGE_LOOP_ANALYSIS = YES;
				CLANG_WARN_STRICT_PROTOTYPES = YES;
				CLANG_WARN_SUSPICIOUS_MOVE = YES;
				CLANG_WARN_UNGUARDED_AVAILABILITY = YES_AGGRESSIVE;
				CLANG_WARN_UNREACHABLE_CODE = YES;
				CLANG_WARN__DUPLICATE_METHOD_MATCH = YES;
				COPY_PHASE_STRIP = NO;
				DEBUG_INFORMATION_FORMAT = dwarf;
				ENABLE_STRICT_OBJC_MSGSEND = YES;
				ENABLE_TESTABILITY = YES;
				ENABLE_USER_SCRIPT_SANDBOXING = NO;
				GCC_C_LANGUAGE_STANDARD = gnu17;
				GCC_DYNAMIC_NO_PIC = NO;
				GCC_NO_COMMON_BLOCKS = YES;
				GCC_OPTIMIZATION_LEVEL = 0;
				GCC_PREPROCESSOR_DEFINITIONS = (
					"DEBUG=1",
					"$(inherited)",
				);
				GCC_WARN_64_TO_32_BIT_CONVERSION = YES;
				GCC_WARN_ABOUT_RETURN_TYPE = YES_ERROR;
				GCC_WARN_UNDECLARED_SELECTOR = YES;
				GCC_WARN_UNINITIALIZED_AUTOS = YES_AGGRESSIVE;
				GCC_WARN_UNUSED_FUNCTION = YES;
				GCC_WARN_UNUSED_VARIABLE = YES;
				LOCALIZATION_PREFERS_STRING_CATALOGS = YES;
				MACOSX_DEPLOYMENT_TARGET = 14.0;
				MTL_ENABLE_DEBUG_INFO = INCLUDE_SOURCE;
				MTL_FAST_MATH = YES;
				ONLY_ACTIVE_ARCH = YES;
				SDKROOT = macosx;
				SWIFT_ACTIVE_COMPILATION_CONDITIONS = "DEBUG $(inherited)";
				SWIFT_OPTIMIZATION_LEVEL = "-Onone";
			};
			name = Debug;
		};
		A1000018 /* Release */ = {
			isa = XCBuildConfiguration;
			buildSettings = {
				ALWAYS_SEARCH_USER_PATHS = NO;
				ASSETCATALOG_COMPILER_GENERATE_SWIFT_ASSET_SYMBOL_EXTENSIONS = YES;
				CLANG_ANALYZER_NONNULL = YES;
				CLANG_ANALYZER_NUMBER_OBJECT_CONVERSION = YES_AGGRESSIVE;
				CLANG_CXX_LANGUAGE_STANDARD = "gnu++20";
				CLANG_ENABLE_MODULES = YES;
				CLANG_ENABLE_OBJC_ARC = YES;
				CLANG_ENABLE_OBJC_WEAK = YES;
				CLANG_WARN_BLOCK_CAPTURE_AUTORELEASING = YES;
				CLANG_WARN_BOOL_CONVERSION = YES;
				CLANG_WARN_COMMA = YES;
				CLANG_WARN_CONSTANT_CONVERSION = YES;
				CLANG_WARN_DEPRECATED_OBJC_IMPLEMENTATIONS = YES;
				CLANG_WARN_DIRECT_OBJC_ISA_USAGE = YES_ERROR;
				CLANG_WARN_DOCUMENTATION_COMMENTS = YES;
				CLANG_WARN_EMPTY_BODY = YES;
				CLANG_WARN_ENUM_CONVERSION = YES;
				CLANG_WARN_INFINITE_RECURSION = YES;
				CLANG_WARN_INT_CONVERSION = YES;
				CLANG_WARN_NON_LITERAL_NULL_CONVERSION = YES;
				CLANG_WARN_OBJC_IMPLICIT_RETAIN_SELF = YES;
				CLANG_WARN_OBJC_LITERAL_CONVERSION = YES;
				CLANG_WARN_OBJC_ROOT_CLASS = YES_ERROR;
				CLANG_WARN_QUOTED_INCLUDE_IN_FRAMEWORK_HEADER = YES;
				CLANG_WARN_RANGE_LOOP_ANALYSIS = YES;
				CLANG_WARN_STRICT_PROTOTYPES = YES;
				CLANG_WARN_SUSPICIOUS_MOVE = YES;
				CLANG_WARN_UNGUARDED_AVAILABILITY = YES_AGGRESSIVE;
				CLANG_WARN_UNREACHABLE_CODE = YES;
				CLANG_WARN__DUPLICATE_METHOD_MATCH = YES;
				COPY_PHASE_STRIP = NO;
				DEBUG_INFORMATION_FORMAT = "dwarf-with-dsym";
				ENABLE_NS_ASSERTIONS = NO;
				ENABLE_STRICT_OBJC_MSGSEND = YES;
				ENABLE_USER_SCRIPT_SANDBOXING = NO;
				GCC_C_LANGUAGE_STANDARD = gnu17;
				GCC_NO_COMMON_BLOCKS = YES;
				GCC_WARN_64_TO_32_BIT_CONVERSION = YES;
				GCC_WARN_ABOUT_RETURN_TYPE = YES_ERROR;
				GCC_WARN_UNDECLARED_SELECTOR = YES;
				GCC_WARN_UNINITIALIZED_AUTOS = YES_AGGRESSIVE;
				GCC_WARN_UNUSED_FUNCTION = YES;
				GCC_WARN_UNUSED_VARIABLE = YES;
				LOCALIZATION_PREFERS_STRING_CATALOGS = YES;
				MACOSX_DEPLOYMENT_TARGET = 14.0;
				MTL_ENABLE_DEBUG_INFO = NO;
				MTL_FAST_MATH = YES;
				SDKROOT = macosx;
				SWIFT_COMPILATION_MODE = wholemodule;
			};
			name = Release;
		};
		A100001A /* Debug */ = {
			isa = XCBuildConfiguration;
			buildSettings = {
				ASSETCATALOG_COMPILER_APPICON_NAME = AppIcon;
				ASSETCATALOG_COMPILER_GLOBAL_ACCENT_COLOR_NAME = AccentColor;
				CODE_SIGN_ENTITLEMENTS = TidyFlow/TidyFlow.entitlements;
				CODE_SIGN_STYLE = Automatic;
				COMBINE_HIDPI_IMAGES = YES;
				CURRENT_PROJECT_VERSION = 1;
				DEVELOPMENT_ASSET_PATHS = "";
				ENABLE_HARDENED_RUNTIME = YES;
				ENABLE_PREVIEWS = YES;
				GENERATE_INFOPLIST_FILE = NO;
				INFOPLIST_FILE = TidyFlow/Info.plist;
				INFOPLIST_KEY_LSApplicationCategoryType = "public.app-category.developer-tools";
				INFOPLIST_KEY_NSHumanReadableCopyright = "";
				LD_RUNPATH_SEARCH_PATHS = (
					"$(inherited)",
					"@executable_path/../Frameworks",
				);
				MARKETING_VERSION = 1.0;
				PRODUCT_BUNDLE_IDENTIFIER = com.tidyflow.app;
				PRODUCT_NAME = "$(TARGET_NAME)";
				SWIFT_EMIT_LOC_STRINGS = YES;
				SWIFT_VERSION = 5.0;
			};
			name = Debug;
		};
		A100001B /* Release */ = {
			isa = XCBuildConfiguration;
			buildSettings = {
				ASSETCATALOG_COMPILER_APPICON_NAME = AppIcon;
				ASSETCATALOG_COMPILER_GLOBAL_ACCENT_COLOR_NAME = AccentColor;
				CODE_SIGN_ENTITLEMENTS = TidyFlow/TidyFlow.entitlements;
				CODE_SIGN_STYLE = Automatic;
				COMBINE_HIDPI_IMAGES = YES;
				CURRENT_PROJECT_VERSION = 1;
				DEVELOPMENT_ASSET_PATHS = "";
				ENABLE_HARDENED_RUNTIME = YES;
				ENABLE_PREVIEWS = YES;
				GENERATE_INFOPLIST_FILE = NO;
				INFOPLIST_FILE = TidyFlow/Info.plist;
				INFOPLIST_KEY_LSApplicationCategoryType = "public.app-category.developer-tools";
				INFOPLIST_KEY_NSHumanReadableCopyright = "";
				LD_RUNPATH_SEARCH_PATHS = (
					"$(inherited)",
					"@executable_path/../Frameworks",
				);
				MARKETING_VERSION = 1.0;
				PRODUCT_BUNDLE_IDENTIFIER = com.tidyflow.app;
				PRODUCT_NAME = "$(TARGET_NAME)";
				SWIFT_EMIT_LOC_STRINGS = YES;
				SWIFT_VERSION = 5.0;
			};
			name = Release;
		};
/* End XCBuildConfiguration section */

/* Begin XCConfigurationList section */
		A1000009 /* Build configuration list for PBXProject "TidyFlow" */ = {
			isa = XCConfigurationList;
			buildConfigurations = (
				A1000017 /* Debug */,
				A1000018 /* Release */,
			);
			defaultConfigurationIsVisible = 0;
			defaultConfigurationName = Release;
		};
		A1000019 /* Build configuration list for PBXNativeTarget "TidyFlow" */ = {
			isa = XCConfigurationList;
			buildConfigurations = (
				A100001A /* Debug */,
				A100001B /* Release */,
			);
			defaultConfigurationIsVisible = 0;
			defaultConfigurationName = Release;
		};
/* End XCConfigurationList section */
	};
	rootObject = A1000008 /* Project object */;
}
